
Microsoft Visual Studio Solution File, Format Version 12.00
# Visual Studio Version 17
VisualStudioVersion = 17.11.35312.102
MinimumVisualStudioVersion = 10.0.40219.1
Project("{FAE04EC0-301F-11D3-BF4B-00C04F79EFBC}") = "stok_takip_sistem", "stok_takip_sistem\stok_takip_sistem.csproj", "{A023ACFC-908A-44C4-8DBF-711718C2E0AB}"
EndProject
Global
	GlobalSection(SolutionConfigurationPlatforms) = preSolution
		Debug|Any CPU = Debug|Any CPU
		Release|Any CPU = Release|Any CPU
	EndGlobalSection
	GlobalSection(ProjectConfigurationPlatforms) = postSolution
		{A023ACFC-908A-44C4-8DBF-711718C2E0AB}.Debug|Any CPU.ActiveCfg = Debug|Any CPU
		{A023ACFC-908A-44C4-8DBF-711718C2E0AB}.Debug|Any CPU.Build.0 = Debug|Any CPU
		{A023ACFC-908A-44C4-8DBF-711718C2E0AB}.Release|Any CPU.ActiveCfg = Release|Any CPU
		{A023ACFC-908A-44C4-8DBF-711718C2E0AB}.Release|Any CPU.Build.0 = Release|Any CPU
	EndGlobalSection
	GlobalSection(SolutionProperties) = preSolution
		HideSolutionNode = FALSE
	EndGlobalSection
	GlobalSection(ExtensibilityGlobals) = postSolution
		SolutionGuid = {E5FA70D9-2F1C-4BCF-918D-12776658DBB4}
	EndGlobalSection
EndGlobal
